
Microsoft Visual Studio Solution File, Format Version 11.00
# Visual Studio 2010
Project("{FAE04EC0-301F-11D3-BF4B-00C04F79EFBC}") = "Logic", "Logic.csproj", "{754C804E-9154-2FE1-CB25-6A9DBC1D8F25}"
EndProject
Project("{FAE04EC0-301F-11D3-BF4B-00C04F79EFBC}") = "DALInterfaces", "DALInterfaces.csproj", "{9D045D0C-5F0B-D97A-EB43-9DB087A5605C}"
EndProject
Project("{FAE04EC0-301F-11D3-BF4B-00C04F79EFBC}") = "Structs", "Structs.csproj", "{B81CA026-06D8-84A6-B6E2-65B052757752}"
EndProject
Project("{FAE04EC0-301F-11D3-BF4B-00C04F79EFBC}") = "DAL", "DAL.csproj", "{B76AE0BC-E4AD-6695-0961-EFD69152CF48}"
EndProject
Project("{FAE04EC0-301F-11D3-BF4B-00C04F79EFBC}") = "DALFactory", "DALFactory.csproj", "{CFE9C6D9-3C48-07DF-2CE0-3DECE0C4552A}"
EndProject
Project("{FAE04EC0-301F-11D3-BF4B-00C04F79EFBC}") = "_EnemyManagerTests", "_EnemyManagerTests.csproj", "{D9542F6D-E149-57DD-9D92-E60514FAFA5A}"
EndProject
Project("{FAE04EC0-301F-11D3-BF4B-00C04F79EFBC}") = "_PlayerTests", "_PlayerTests.csproj", "{CFAD102F-635D-F85B-5EAA-0D54FA3FEA47}"
EndProject
Project("{FAE04EC0-301F-11D3-BF4B-00C04F79EFBC}") = "_EnemySpawnManagerTests", "_EnemySpawnManagerTests.csproj", "{8BB4B6E1-8D9D-FA91-CE04-CF1E1FAF4702}"
EndProject
Global
	GlobalSection(SolutionConfigurationPlatforms) = preSolution
		Debug|Any CPU = Debug|Any CPU
		Release|Any CPU = Release|Any CPU
	EndGlobalSection
	GlobalSection(ProjectConfigurationPlatforms) = postSolution
		{754C804E-9154-2FE1-CB25-6A9DBC1D8F25}.Debug|Any CPU.ActiveCfg = Debug|Any CPU
		{754C804E-9154-2FE1-CB25-6A9DBC1D8F25}.Debug|Any CPU.Build.0 = Debug|Any CPU
		{754C804E-9154-2FE1-CB25-6A9DBC1D8F25}.Release|Any CPU.ActiveCfg = Release|Any CPU
		{754C804E-9154-2FE1-CB25-6A9DBC1D8F25}.Release|Any CPU.Build.0 = Release|Any CPU
		{9D045D0C-5F0B-D97A-EB43-9DB087A5605C}.Debug|Any CPU.ActiveCfg = Debug|Any CPU
		{9D045D0C-5F0B-D97A-EB43-9DB087A5605C}.Debug|Any CPU.Build.0 = Debug|Any CPU
		{9D045D0C-5F0B-D97A-EB43-9DB087A5605C}.Release|Any CPU.ActiveCfg = Release|Any CPU
		{9D045D0C-5F0B-D97A-EB43-9DB087A5605C}.Release|Any CPU.Build.0 = Release|Any CPU
		{B81CA026-06D8-84A6-B6E2-65B052757752}.Debug|Any CPU.ActiveCfg = Debug|Any CPU
		{B81CA026-06D8-84A6-B6E2-65B052757752}.Debug|Any CPU.Build.0 = Debug|Any CPU
		{B81CA026-06D8-84A6-B6E2-65B052757752}.Release|Any CPU.ActiveCfg = Release|Any CPU
		{B81CA026-06D8-84A6-B6E2-65B052757752}.Release|Any CPU.Build.0 = Release|Any CPU
		{B76AE0BC-E4AD-6695-0961-EFD69152CF48}.Debug|Any CPU.ActiveCfg = Debug|Any CPU
		{B76AE0BC-E4AD-6695-0961-EFD69152CF48}.Debug|Any CPU.Build.0 = Debug|Any CPU
		{B76AE0BC-E4AD-6695-0961-EFD69152CF48}.Release|Any CPU.ActiveCfg = Release|Any CPU
		{B76AE0BC-E4AD-6695-0961-EFD69152CF48}.Release|Any CPU.Build.0 = Release|Any CPU
		{CFE9C6D9-3C48-07DF-2CE0-3DECE0C4552A}.Debug|Any CPU.ActiveCfg = Debug|Any CPU
		{CFE9C6D9-3C48-07DF-2CE0-3DECE0C4552A}.Debug|Any CPU.Build.0 = Debug|Any CPU
		{CFE9C6D9-3C48-07DF-2CE0-3DECE0C4552A}.Release|Any CPU.ActiveCfg = Release|Any CPU
		{CFE9C6D9-3C48-07DF-2CE0-3DECE0C4552A}.Release|Any CPU.Build.0 = Release|Any CPU
		{D9542F6D-E149-57DD-9D92-E60514FAFA5A}.Debug|Any CPU.ActiveCfg = Debug|Any CPU
		{D9542F6D-E149-57DD-9D92-E60514FAFA5A}.Debug|Any CPU.Build.0 = Debug|Any CPU
		{D9542F6D-E149-57DD-9D92-E60514FAFA5A}.Release|Any CPU.ActiveCfg = Release|Any CPU
		{D9542F6D-E149-57DD-9D92-E60514FAFA5A}.Release|Any CPU.Build.0 = Release|Any CPU
		{CFAD102F-635D-F85B-5EAA-0D54FA3FEA47}.Debug|Any CPU.ActiveCfg = Debug|Any CPU
		{CFAD102F-635D-F85B-5EAA-0D54FA3FEA47}.Debug|Any CPU.Build.0 = Debug|Any CPU
		{CFAD102F-635D-F85B-5EAA-0D54FA3FEA47}.Release|Any CPU.ActiveCfg = Release|Any CPU
		{CFAD102F-635D-F85B-5EAA-0D54FA3FEA47}.Release|Any CPU.Build.0 = Release|Any CPU
		{8BB4B6E1-8D9D-FA91-CE04-CF1E1FAF4702}.Debug|Any CPU.ActiveCfg = Debug|Any CPU
		{8BB4B6E1-8D9D-FA91-CE04-CF1E1FAF4702}.Debug|Any CPU.Build.0 = Debug|Any CPU
		{8BB4B6E1-8D9D-FA91-CE04-CF1E1FAF4702}.Release|Any CPU.ActiveCfg = Release|Any CPU
		{8BB4B6E1-8D9D-FA91-CE04-CF1E1FAF4702}.Release|Any CPU.Build.0 = Release|Any CPU
	EndGlobalSection
	GlobalSection(SolutionProperties) = preSolution
		HideSolutionNode = FALSE
	EndGlobalSection
	GlobalSection(MonoDevelopProperties) = preSolution
		StartupItem = Assembly-CSharp.csproj
	EndGlobalSection
EndGlobal
